// !$*UTF8*$!
{
	archiveVersion = 1;
	classes = {
	};
	objectVersion = 56;
	objects = {

/* Begin PBXBuildFile section */
		04033C342C5CD7D90084FFD3 /* swiftui_mapApp.swift in Sources */ = {isa = PBXBuildFile; fileRef = 04033C332C5CD7D90084FFD3 /* swiftui_mapApp.swift */; };
		04033C362C5CD7D90084FFD3 /* ContentView.swift in Sources */ = {isa = PBXBuildFile; fileRef = 04033C352C5CD7D90084FFD3 /* ContentView.swift */; };
		04033C3B2C5CD7DB0084FFD3 /* Preview Assets.xcassets in Resources */ = {isa = PBXBuildFile; fileRef = 04033C3A2C5CD7DB0084FFD3 /* Preview Assets.xcassets */; };
		04033C422C5CD8930084FFD3 /* Assets.xcassets in Resources */ = {isa = PBXBuildFile; fileRef = 04033C412C5CD8930084FFD3 /* Assets.xcassets */; };
		04033C472C5DABD40084FFD3 /* LocationModel.swift in Sources */ = {isa = PBXBuildFile; fileRef = 04033C462C5DABD40084FFD3 /* LocationModel.swift */; };
		04033C4A2C5DACDC0084FFD3 /* LocationsDataService.swift in Sources */ = {isa = PBXBuildFile; fileRef = 04033C492C5DACDC0084FFD3 /* LocationsDataService.swift */; };
		04033C4C2C5DADD70084FFD3 /* LocationsView.swift in Sources */ = {isa = PBXBuildFile; fileRef = 04033C4B2C5DADD70084FFD3 /* LocationsView.swift */; };
		04033C4E2C5DB2470084FFD3 /* LocationsViewModel.swift in Sources */ = {isa = PBXBuildFile; fileRef = 04033C4D2C5DB2470084FFD3 /* LocationsViewModel.swift */; };
		04033C512C5DB6310084FFD3 /* LocationViewsExtensions.swift in Sources */ = {isa = PBXBuildFile; fileRef = 04033C502C5DB6310084FFD3 /* LocationViewsExtensions.swift */; };
		04033C532C5DB7F90084FFD3 /* LocationListView.swift in Sources */ = {isa = PBXBuildFile; fileRef = 04033C522C5DB7F90084FFD3 /* LocationListView.swift */; };
		04033C552C5DB93C0084FFD3 /* LocationListRowViewExtension.swift in Sources */ = {isa = PBXBuildFile; fileRef = 04033C542C5DB93C0084FFD3 /* LocationListRowViewExtension.swift */; };
		04033C572C5EF0500084FFD3 /* LocationCardView.swift in Sources */ = {isa = PBXBuildFile; fileRef = 04033C562C5EF0500084FFD3 /* LocationCardView.swift */; };
		04033C592C5EFB920084FFD3 /* CustomLocationPin.swift in Sources */ = {isa = PBXBuildFile; fileRef = 04033C582C5EFB920084FFD3 /* CustomLocationPin.swift */; };
		04033C5B2C5F00150084FFD3 /* SingleLocationDetailsView.swift in Sources */ = {isa = PBXBuildFile; fileRef = 04033C5A2C5F00150084FFD3 /* SingleLocationDetailsView.swift */; };
/* End PBXBuildFile section */

/* Begin PBXFileReference section */
		04033C302C5CD7D90084FFD3 /* swiftui_map.app */ = {isa = PBXFileReference; explicitFileType = wrapper.application; includeInIndex = 0; path = swiftui_map.app; sourceTree = BUILT_PRODUCTS_DIR; };
		04033C332C5CD7D90084FFD3 /* swiftui_mapApp.swift */ = {isa = PBXFileReference; lastKnownFileType = sourcecode.swift; path = swiftui_mapApp.swift; sourceTree = "<group>"; };
		04033C352C5CD7D90084FFD3 /* ContentView.swift */ = {isa = PBXFileReference; lastKnownFileType = sourcecode.swift; path = ContentView.swift; sourceTree = "<group>"; };
		04033C3A2C5CD7DB0084FFD3 /* Preview Assets.xcassets */ = {isa = PBXFileReference; lastKnownFileType = folder.assetcatalog; path = "Preview Assets.xcassets"; sourceTree = "<group>"; };
		04033C412C5CD8930084FFD3 /* Assets.xcassets */ = {isa = PBXFileReference; lastKnownFileType = folder.assetcatalog; name = Assets.xcassets; path = "../../../../Tutorials/Swift/6. SwiftUi Project - Map/SwiftfulMapApp-Downloads/Assets.xcassets"; sourceTree = "<group>"; };
		04033C462C5DABD40084FFD3 /* LocationModel.swift */ = {isa = PBXFileReference; lastKnownFileType = sourcecode.swift; path = LocationModel.swift; sourceTree = "<group>"; };
		04033C492C5DACDC0084FFD3 /* LocationsDataService.swift */ = {isa = PBXFileReference; fileEncoding = 4; lastKnownFileType = sourcecode.swift; path = LocationsDataService.swift; sourceTree = "<group>"; };
		04033C4B2C5DADD70084FFD3 /* LocationsView.swift */ = {isa = PBXFileReference; lastKnownFileType = sourcecode.swift; path = LocationsView.swift; sourceTree = "<group>"; };
		04033C4D2C5DB2470084FFD3 /* LocationsViewModel.swift */ = {isa = PBXFileReference; lastKnownFileType = sourcecode.swift; path = LocationsViewModel.swift; sourceTree = "<group>"; };
		04033C502C5DB6310084FFD3 /* LocationViewsExtensions.swift */ = {isa = PBXFileReference; lastKnownFileType = sourcecode.swift; path = LocationViewsExtensions.swift; sourceTree = "<group>"; };
		04033C522C5DB7F90084FFD3 /* LocationListView.swift */ = {isa = PBXFileReference; lastKnownFileType = sourcecode.swift; path = LocationListView.swift; sourceTree = "<group>"; };
		04033C542C5DB93C0084FFD3 /* LocationListRowViewExtension.swift */ = {isa = PBXFileReference; lastKnownFileType = sourcecode.swift; path = LocationListRowViewExtension.swift; sourceTree = "<group>"; };
		04033C562C5EF0500084FFD3 /* LocationCardView.swift */ = {isa = PBXFileReference; lastKnownFileType = sourcecode.swift; path = LocationCardView.swift; sourceTree = "<group>"; };
		04033C582C5EFB920084FFD3 /* CustomLocationPin.swift */ = {isa = PBXFileReference; lastKnownFileType = sourcecode.swift; path = CustomLocationPin.swift; sourceTree = "<group>"; };
		04033C5A2C5F00150084FFD3 /* SingleLocationDetailsView.swift */ = {isa = PBXFileReference; lastKnownFileType = sourcecode.swift; path = SingleLocationDetailsView.swift; sourceTree = "<group>"; };
		04762EB32C600628003DF256 /* swiftui-map-Info.plist */ = {isa = PBXFileReference; lastKnownFileType = text.plist; path = "swiftui-map-Info.plist"; sourceTree = SOURCE_ROOT; };
/* End PBXFileReference section */

/* Begin PBXFrameworksBuildPhase section */
		04033C2D2C5CD7D90084FFD3 /* Frameworks */ = {
			isa = PBXFrameworksBuildPhase;
			buildActionMask = 2147483647;
			files = (
			);
			runOnlyForDeploymentPostprocessing = 0;
		};
/* End PBXFrameworksBuildPhase section */

/* Begin PBXGroup section */
		04033C272C5CD7D90084FFD3 = {
			isa = PBXGroup;
			children = (
				04033C322C5CD7D90084FFD3 /* swiftui_map */,
				04033C312C5CD7D90084FFD3 /* Products */,
			);
			sourceTree = "<group>";
		};
		04033C312C5CD7D90084FFD3 /* Products */ = {
			isa = PBXGroup;
			children = (
				04033C302C5CD7D90084FFD3 /* swiftui_map.app */,
			);
			name = Products;
			sourceTree = "<group>";
		};
		04033C322C5CD7D90084FFD3 /* swiftui_map */ = {
			isa = PBXGroup;
			children = (
				04762EB32C600628003DF256 /* swiftui-map-Info.plist */,
				04033C482C5DACCC0084FFD3 /* Service */,
				04033C442C5DABB50084FFD3 /* Views */,
				04033C452C5DABB90084FFD3 /* ViewModels */,
				04033C432C5DABAF0084FFD3 /* Models */,
				04033C332C5CD7D90084FFD3 /* swiftui_mapApp.swift */,
				04033C352C5CD7D90084FFD3 /* ContentView.swift */,
				04033C412C5CD8930084FFD3 /* Assets.xcassets */,
				04033C392C5CD7DB0084FFD3 /* Preview Content */,
			);
			path = swiftui_map;
			sourceTree = "<group>";
		};
		04033C392C5CD7DB0084FFD3 /* Preview Content */ = {
			isa = PBXGroup;
			children = (
				04033C3A2C5CD7DB0084FFD3 /* Preview Assets.xcassets */,
			);
			path = "Preview Content";
			sourceTree = "<group>";
		};
		04033C432C5DABAF0084FFD3 /* Models */ = {
			isa = PBXGroup;
			children = (
				04033C462C5DABD40084FFD3 /* LocationModel.swift */,
			);
			path = Models;
			sourceTree = "<group>";
		};
		04033C442C5DABB50084FFD3 /* Views */ = {
			isa = PBXGroup;
			children = (
				04033C4F2C5DB6020084FFD3 /* LocationViewExtensions */,
				04033C4B2C5DADD70084FFD3 /* LocationsView.swift */,
				04033C522C5DB7F90084FFD3 /* LocationListView.swift */,
				04033C562C5EF0500084FFD3 /* LocationCardView.swift */,
				04033C582C5EFB920084FFD3 /* CustomLocationPin.swift */,
				04033C5A2C5F00150084FFD3 /* SingleLocationDetailsView.swift */,
			);
			path = Views;
			sourceTree = "<group>";
		};
		04033C452C5DABB90084FFD3 /* ViewModels */ = {
			isa = PBXGroup;
			children = (
				04033C4D2C5DB2470084FFD3 /* LocationsViewModel.swift */,
			);
			path = ViewModels;
			sourceTree = "<group>";
		};
		04033C482C5DACCC0084FFD3 /* Service */ = {
			isa = PBXGroup;
			children = (
				04033C492C5DACDC0084FFD3 /* LocationsDataService.swift */,
			);
			path = Service;
			sourceTree = "<group>";
		};
		04033C4F2C5DB6020084FFD3 /* LocationViewExtensions */ = {
			isa = PBXGroup;
			children = (
				04033C502C5DB6310084FFD3 /* LocationViewsExtensions.swift */,
				04033C542C5DB93C0084FFD3 /* LocationListRowViewExtension.swift */,
			);
			path = LocationViewExtensions;
			sourceTree = "<group>";
		};
/* End PBXGroup section */

/* Begin PBXNativeTarget section */
		04033C2F2C5CD7D90084FFD3 /* swiftui_map */ = {
			isa = PBXNativeTarget;
			buildConfigurationList = 04033C3E2C5CD7DB0084FFD3 /* Build configuration list for PBXNativeTarget "swiftui_map" */;
			buildPhases = (
				04033C2C2C5CD7D90084FFD3 /* Sources */,
				04033C2D2C5CD7D90084FFD3 /* Frameworks */,
				04033C2E2C5CD7D90084FFD3 /* Resources */,
			);
			buildRules = (
			);
			dependencies = (
			);
			name = swiftui_map;
			productName = swiftui_map;
			productReference = 04033C302C5CD7D90084FFD3 /* swiftui_map.app */;
			productType = "com.apple.product-type.application";
		};
/* End PBXNativeTarget section */

/* Begin PBXProject section */
		04033C282C5CD7D90084FFD3 /* Project object */ = {
			isa = PBXProject;
			attributes = {
				BuildIndependentTargetsInParallel = 1;
				LastSwiftUpdateCheck = 1530;
				LastUpgradeCheck = 1530;
				TargetAttributes = {
					04033C2F2C5CD7D90084FFD3 = {
						CreatedOnToolsVersion = 15.3;
					};
				};
			};
			buildConfigurationList = 04033C2B2C5CD7D90084FFD3 /* Build configuration list for PBXProject "swiftui_map" */;
			compatibilityVersion = "Xcode 14.0";
			developmentRegion = en;
			hasScannedForEncodings = 0;
			knownRegions = (
				en,
				Base,
			);
			mainGroup = 04033C272C5CD7D90084FFD3;
			productRefGroup = 04033C312C5CD7D90084FFD3 /* Products */;
			projectDirPath = "";
			projectRoot = "";
			targets = (
				04033C2F2C5CD7D90084FFD3 /* swiftui_map */,
			);
		};
/* End PBXProject section */

/* Begin PBXResourcesBuildPhase section */
		04033C2E2C5CD7D90084FFD3 /* Resources */ = {
			isa = PBXResourcesBuildPhase;
			buildActionMask = 2147483647;
			files = (
				04033C422C5CD8930084FFD3 /* Assets.xcassets in Resources */,
				04033C3B2C5CD7DB0084FFD3 /* Preview Assets.xcassets in Resources */,
			);
			runOnlyForDeploymentPostprocessing = 0;
		};
/* End PBXResourcesBuildPhase section */

/* Begin PBXSourcesBuildPhase section */
		04033C2C2C5CD7D90084FFD3 /* Sources */ = {
			isa = PBXSourcesBuildPhase;
			buildActionMask = 2147483647;
			files = (
				04033C4A2C5DACDC0084FFD3 /* LocationsDataService.swift in Sources */,
				04033C592C5EFB920084FFD3 /* CustomLocationPin.swift in Sources */,
				04033C532C5DB7F90084FFD3 /* LocationListView.swift in Sources */,
				04033C552C5DB93C0084FFD3 /* LocationListRowViewExtension.swift in Sources */,
				04033C4E2C5DB2470084FFD3 /* LocationsViewModel.swift in Sources */,
				04033C362C5CD7D90084FFD3 /* ContentView.swift in Sources */,
				04033C4C2C5DADD70084FFD3 /* LocationsView.swift in Sources */,
				04033C512C5DB6310084FFD3 /* LocationViewsExtensions.swift in Sources */,
				04033C472C5DABD40084FFD3 /* LocationModel.swift in Sources */,
				04033C342C5CD7D90084FFD3 /* swiftui_mapApp.swift in Sources */,
				04033C5B2C5F00150084FFD3 /* SingleLocationDetailsView.swift in Sources */,
				04033C572C5EF0500084FFD3 /* LocationCardView.swift in Sources */,
			);
			runOnlyForDeploymentPostprocessing = 0;
		};
/* End PBXSourcesBuildPhase section */

/* Begin XCBuildConfiguration section */
		04033C3C2C5CD7DB0084FFD3 /* Debug */ = {
			isa = XCBuildConfiguration;
			buildSettings = {
				ALWAYS_SEARCH_USER_PATHS = NO;
				ASSETCATALOG_COMPILER_GENERATE_SWIFT_ASSET_SYMBOL_EXTENSIONS = YES;
				CLANG_ANALYZER_NONNULL = YES;
				CLANG_ANALYZER_NUMBER_OBJECT_CONVERSION = YES_AGGRESSIVE;
				CLANG_CXX_LANGUAGE_STANDARD = "gnu++20";
				CLANG_ENABLE_MODULES = YES;
				CLANG_ENABLE_OBJC_ARC = YES;
				CLANG_ENABLE_OBJC_WEAK = YES;
				CLANG_WARN_BLOCK_CAPTURE_AUTORELEASING = YES;
				CLANG_WARN_BOOL_CONVERSION = YES;
				CLANG_WARN_COMMA = YES;
				CLANG_WARN_CONSTANT_CONVERSION = YES;
				CLANG_WARN_DEPRECATED_OBJC_IMPLEMENTATIONS = YES;
				CLANG_WARN_DIRECT_OBJC_ISA_USAGE = YES_ERROR;
				CLANG_WARN_DOCUMENTATION_COMMENTS = YES;
				CLANG_WARN_EMPTY_BODY = YES;
				CLANG_WARN_ENUM_CONVERSION = YES;
				CLANG_WARN_INFINITE_RECURSION = YES;
				CLANG_WARN_INT_CONVERSION = YES;
				CLANG_WARN_NON_LITERAL_NULL_CONVERSION = YES;
				CLANG_WARN_OBJC_IMPLICIT_RETAIN_SELF = YES;
				CLANG_WARN_OBJC_LITERAL_CONVERSION = YES;
				CLANG_WARN_OBJC_ROOT_CLASS = YES_ERROR;
				CLANG_WARN_QUOTED_INCLUDE_IN_FRAMEWORK_HEADER = YES;
				CLANG_WARN_RANGE_LOOP_ANALYSIS = YES;
				CLANG_WARN_STRICT_PROTOTYPES = YES;
				CLANG_WARN_SUSPICIOUS_MOVE = YES;
				CLANG_WARN_UNGUARDED_AVAILABILITY = YES_AGGRESSIVE;
				CLANG_WARN_UNREACHABLE_CODE = YES;
				CLANG_WARN__DUPLICATE_METHOD_MATCH = YES;
				COPY_PHASE_STRIP = NO;
				DEBUG_INFORMATION_FORMAT = dwarf;
				ENABLE_STRICT_OBJC_MSGSEND = YES;
				ENABLE_TESTABILITY = YES;
				ENABLE_USER_SCRIPT_SANDBOXING = YES;
				GCC_C_LANGUAGE_STANDARD = gnu17;
				GCC_DYNAMIC_NO_PIC = NO;
				GCC_NO_COMMON_BLOCKS = YES;
				GCC_OPTIMIZATION_LEVEL = 0;
				GCC_PREPROCESSOR_DEFINITIONS = (
					"DEBUG=1",
					"$(inherited)",
				);
				GCC_WARN_64_TO_32_BIT_CONVERSION = YES;
				GCC_WARN_ABOUT_RETURN_TYPE = YES_ERROR;
				GCC_WARN_UNDECLARED_SELECTOR = YES;
				GCC_WARN_UNINITIALIZED_AUTOS = YES_AGGRESSIVE;
				GCC_WARN_UNUSED_FUNCTION = YES;
				GCC_WARN_UNUSED_VARIABLE = YES;
				IPHONEOS_DEPLOYMENT_TARGET = 17.4;
				LOCALIZATION_PREFERS_STRING_CATALOGS = YES;
				MTL_ENABLE_DEBUG_INFO = INCLUDE_SOURCE;
				MTL_FAST_MATH = YES;
				ONLY_ACTIVE_ARCH = YES;
				SDKROOT = iphoneos;
				SWIFT_ACTIVE_COMPILATION_CONDITIONS = "DEBUG $(inherited)";
				SWIFT_OPTIMIZATION_LEVEL = "-Onone";
			};
			name = Debug;
		};
		04033C3D2C5CD7DB0084FFD3 /* Release */ = {
			isa = XCBuildConfiguration;
			buildSettings = {
				ALWAYS_SEARCH_USER_PATHS = NO;
				ASSETCATALOG_COMPILER_GENERATE_SWIFT_ASSET_SYMBOL_EXTENSIONS = YES;
				CLANG_ANALYZER_NONNULL = YES;
				CLANG_ANALYZER_NUMBER_OBJECT_CONVERSION = YES_AGGRESSIVE;
				CLANG_CXX_LANGUAGE_STANDARD = "gnu++20";
				CLANG_ENABLE_MODULES = YES;
				CLANG_ENABLE_OBJC_ARC = YES;
				CLANG_ENABLE_OBJC_WEAK = YES;
				CLANG_WARN_BLOCK_CAPTURE_AUTORELEASING = YES;
				CLANG_WARN_BOOL_CONVERSION = YES;
				CLANG_WARN_COMMA = YES;
				CLANG_WARN_CONSTANT_CONVERSION = YES;
				CLANG_WARN_DEPRECATED_OBJC_IMPLEMENTATIONS = YES;
				CLANG_WARN_DIRECT_OBJC_ISA_USAGE = YES_ERROR;
				CLANG_WARN_DOCUMENTATION_COMMENTS = YES;
				CLANG_WARN_EMPTY_BODY = YES;
				CLANG_WARN_ENUM_CONVERSION = YES;
				CLANG_WARN_INFINITE_RECURSION = YES;
				CLANG_WARN_INT_CONVERSION = YES;
				CLANG_WARN_NON_LITERAL_NULL_CONVERSION = YES;
				CLANG_WARN_OBJC_IMPLICIT_RETAIN_SELF = YES;
				CLANG_WARN_OBJC_LITERAL_CONVERSION = YES;
				CLANG_WARN_OBJC_ROOT_CLASS = YES_ERROR;
				CLANG_WARN_QUOTED_INCLUDE_IN_FRAMEWORK_HEADER = YES;
				CLANG_WARN_RANGE_LOOP_ANALYSIS = YES;
				CLANG_WARN_STRICT_PROTOTYPES = YES;
				CLANG_WARN_SUSPICIOUS_MOVE = YES;
				CLANG_WARN_UNGUARDED_AVAILABILITY = YES_AGGRESSIVE;
				CLANG_WARN_UNREACHABLE_CODE = YES;
				CLANG_WARN__DUPLICATE_METHOD_MATCH = YES;
				COPY_PHASE_STRIP = NO;
				DEBUG_INFORMATION_FORMAT = "dwarf-with-dsym";
				ENABLE_NS_ASSERTIONS = NO;
				ENABLE_STRICT_OBJC_MSGSEND = YES;
				ENABLE_USER_SCRIPT_SANDBOXING = YES;
				GCC_C_LANGUAGE_STANDARD = gnu17;
				GCC_NO_COMMON_BLOCKS = YES;
				GCC_WARN_64_TO_32_BIT_CONVERSION = YES;
				GCC_WARN_ABOUT_RETURN_TYPE = YES_ERROR;
				GCC_WARN_UNDECLARED_SELECTOR = YES;
				GCC_WARN_UNINITIALIZED_AUTOS = YES_AGGRESSIVE;
				GCC_WARN_UNUSED_FUNCTION = YES;
				GCC_WARN_UNUSED_VARIABLE = YES;
				IPHONEOS_DEPLOYMENT_TARGET = 17.4;
				LOCALIZATION_PREFERS_STRING_CATALOGS = YES;
				MTL_ENABLE_DEBUG_INFO = NO;
				MTL_FAST_MATH = YES;
				SDKROOT = iphoneos;
				SWIFT_COMPILATION_MODE = wholemodule;
				VALIDATE_PRODUCT = YES;
			};
			name = Release;
		};
		04033C3F2C5CD7DB0084FFD3 /* Debug */ = {
			isa = XCBuildConfiguration;
			buildSettings = {
				ASSETCATALOG_COMPILER_APPICON_NAME = AppIcon;
				ASSETCATALOG_COMPILER_GLOBAL_ACCENT_COLOR_NAME = AccentColor;
				CODE_SIGN_STYLE = Automatic;
				CURRENT_PROJECT_VERSION = 1;
				DEVELOPMENT_ASSET_PATHS = "\"swiftui_map/Preview Content\"";
				DEVELOPMENT_TEAM = 3X952GP295;
				ENABLE_PREVIEWS = YES;
				GENERATE_INFOPLIST_FILE = YES;
				INFOPLIST_FILE = "swiftui-map-Info.plist";
				INFOPLIST_KEY_CFBundleDisplayName = Navigator;
				INFOPLIST_KEY_LSApplicationCategoryType = "public.app-category.navigation";
				INFOPLIST_KEY_UIApplicationSceneManifest_Generation = YES;
				INFOPLIST_KEY_UIApplicationSupportsIndirectInputEvents = YES;
				INFOPLIST_KEY_UISupportedInterfaceOrientations = UIInterfaceOrientationPortrait;
				INFOPLIST_KEY_UISupportedInterfaceOrientations_iPad = "UIInterfaceOrientationLandscapeLeft UIInterfaceOrientationLandscapeRight UIInterfaceOrientationPortrait UIInterfaceOrientationPortraitUpsideDown";
				LD_RUNPATH_SEARCH_PATHS = (
					"$(inherited)",
					"@executable_path/Frameworks",
				);
				MARKETING_VERSION = 1.0;
				PRODUCT_BUNDLE_IDENTIFIER = "app.netlify.gikwegbu.swiftui-map";
				PRODUCT_NAME = "$(TARGET_NAME)";
				SWIFT_EMIT_LOC_STRINGS = YES;
				SWIFT_VERSION = 5.0;
				TARGETED_DEVICE_FAMILY = "1,2";
			};
			name = Debug;
		};
		04033C402C5CD7DB0084FFD3 /* Release */ = {
			isa = XCBuildConfiguration;
			buildSettings = {
				ASSETCATALOG_COMPILER_APPICON_NAME = AppIcon;
				ASSETCATALOG_COMPILER_GLOBAL_ACCENT_COLOR_NAME = AccentColor;
				CODE_SIGN_STYLE = Automatic;
				CURRENT_PROJECT_VERSION = 1;
				DEVELOPMENT_ASSET_PATHS = "\"swiftui_map/Preview Content\"";
				DEVELOPMENT_TEAM = 3X952GP295;
				ENABLE_PREVIEWS = YES;
				GENERATE_INFOPLIST_FILE = YES;
				INFOPLIST_FILE = "swiftui-map-Info.plist";
				INFOPLIST_KEY_CFBundleDisplayName = Navigator;
				INFOPLIST_KEY_LSApplicationCategoryType = "public.app-category.navigation";
				INFOPLIST_KEY_UIApplicationSceneManifest_Generation = YES;
				INFOPLIST_KEY_UIApplicationSupportsIndirectInputEvents = YES;
				INFOPLIST_KEY_UISupportedInterfaceOrientations = UIInterfaceOrientationPortrait;
				INFOPLIST_KEY_UISupportedInterfaceOrientations_iPad = "UIInterfaceOrientationLandscapeLeft UIInterfaceOrientationLandscapeRight UIInterfaceOrientationPortrait UIInterfaceOrientationPortraitUpsideDown";
				LD_RUNPATH_SEARCH_PATHS = (
					"$(inherited)",
					"@executable_path/Frameworks",
				);
				MARKETING_VERSION = 1.0;
				PRODUCT_BUNDLE_IDENTIFIER = "app.netlify.gikwegbu.swiftui-map";
				PRODUCT_NAME = "$(TARGET_NAME)";
				SWIFT_EMIT_LOC_STRINGS = YES;
				SWIFT_VERSION = 5.0;
				TARGETED_DEVICE_FAMILY = "1,2";
			};
			name = Release;
		};
/* End XCBuildConfiguration section */

/* Begin XCConfigurationList section */
		04033C2B2C5CD7D90084FFD3 /* Build configuration list for PBXProject "swiftui_map" */ = {
			isa = XCConfigurationList;
			buildConfigurations = (
				04033C3C2C5CD7DB0084FFD3 /* Debug */,
				04033C3D2C5CD7DB0084FFD3 /* Release */,
			);
			defaultConfigurationIsVisible = 0;
			defaultConfigurationName = Release;
		};
		04033C3E2C5CD7DB0084FFD3 /* Build configuration list for PBXNativeTarget "swiftui_map" */ = {
			isa = XCConfigurationList;
			buildConfigurations = (
				04033C3F2C5CD7DB0084FFD3 /* Debug */,
				04033C402C5CD7DB0084FFD3 /* Release */,
			);
			defaultConfigurationIsVisible = 0;
			defaultConfigurationName = Release;
		};
/* End XCConfigurationList section */
	};
	rootObject = 04033C282C5CD7D90084FFD3 /* Project object */;
}
